
Microsoft Visual Studio Solution File, Format Version 12.00
# Visual Studio Version 16
VisualStudioVersion = 16.0.32228.343
MinimumVisualStudioVersion = 10.0.40219.1
Project("{FAE04EC0-301F-11D3-BF4B-00C04F79EFBC}") = "SuperbillCompanion", "SuperbillCompanion\SuperbillCompanion.csproj", "{FAE4EBCD-8178-43F7-88FA-AE63224D2B7B}"
EndProject
Global
	GlobalSection(SolutionConfigurationPlatforms) = preSolution
		Debug|Any CPU = Debug|Any CPU
		Release|Any CPU = Release|Any CPU
	EndGlobalSection
	GlobalSection(ProjectConfigurationPlatforms) = postSolution
		{FAE4EBCD-8178-43F7-88FA-AE63224D2B7B}.Debug|Any CPU.ActiveCfg = Debug|Any CPU
		{FAE4EBCD-8178-43F7-88FA-AE63224D2B7B}.Debug|Any CPU.Build.0 = Debug|Any CPU
		{FAE4EBCD-8178-43F7-88FA-AE63224D2B7B}.Release|Any CPU.ActiveCfg = Release|Any CPU
		{FAE4EBCD-8178-43F7-88FA-AE63224D2B7B}.Release|Any CPU.Build.0 = Release|Any CPU
	EndGlobalSection
	GlobalSection(SolutionProperties) = preSolution
		HideSolutionNode = FALSE
	EndGlobalSection
	GlobalSection(ExtensibilityGlobals) = postSolution
		SolutionGuid = {78238809-7B34-48EA-ADF8-EDBD2A68F976}
	EndGlobalSection
EndGlobal
